
Microsoft Visual Studio Solution File, Format Version 12.00
# Visual Studio 2012
Project("{FAE04EC0-301F-11D3-BF4B-00C04F79EFBC}") = "proje", "proje\proje.csproj", "{EC4E63CB-7B0C-4FF2-B505-8709E8C28B52}"
EndProject
Global
	GlobalSection(SolutionConfigurationPlatforms) = preSolution
		Debug|Any CPU = Debug|Any CPU
		Release|Any CPU = Release|Any CPU
	EndGlobalSection
	GlobalSection(ProjectConfigurationPlatforms) = postSolution
		{EC4E63CB-7B0C-4FF2-B505-8709E8C28B52}.Debug|Any CPU.ActiveCfg = Debug|Any CPU
		{EC4E63CB-7B0C-4FF2-B505-8709E8C28B52}.Debug|Any CPU.Build.0 = Debug|Any CPU
		{EC4E63CB-7B0C-4FF2-B505-8709E8C28B52}.Release|Any CPU.ActiveCfg = Release|Any CPU
		{EC4E63CB-7B0C-4FF2-B505-8709E8C28B52}.Release|Any CPU.Build.0 = Release|Any CPU
	EndGlobalSection
	GlobalSection(SolutionProperties) = preSolution
		HideSolutionNode = FALSE
	EndGlobalSection
EndGlobal
